// !$*UTF8*$!
{
	archiveVersion = 1;
	classes = {
	};
	objectVersion = 55;
	objects = {

/* Begin PBXBuildFile section */
		2C2650442760A03A00FF3C97 /* AppDelegate.swift in Sources */ = {isa = PBXBuildFile; fileRef = 2C2650432760A03A00FF3C97 /* AppDelegate.swift */; };
		2C2650482760A03A00FF3C97 /* ViewController.swift in Sources */ = {isa = PBXBuildFile; fileRef = 2C2650472760A03A00FF3C97 /* ViewController.swift */; };
		2C26504B2760A03A00FF3C97 /* Main.storyboard in Resources */ = {isa = PBXBuildFile; fileRef = 2C2650492760A03A00FF3C97 /* Main.storyboard */; };
		2C26504D2760A03D00FF3C97 /* Assets.xcassets in Resources */ = {isa = PBXBuildFile; fileRef = 2C26504C2760A03D00FF3C97 /* Assets.xcassets */; };
		2C2650502760A03D00FF3C97 /* LaunchScreen.storyboard in Resources */ = {isa = PBXBuildFile; fileRef = 2C26504E2760A03D00FF3C97 /* LaunchScreen.storyboard */; };
/* End PBXBuildFile section */

/* Begin PBXFileReference section */
		2C2650402760A03A00FF3C97 /* ViewModels-UIKit-iOS.app */ = {isa = PBXFileReference; explicitFileType = wrapper.application; includeInIndex = 0; path = "ViewModels-UIKit-iOS.app"; sourceTree = BUILT_PRODUCTS_DIR; };
		2C2650432760A03A00FF3C97 /* AppDelegate.swift */ = {isa = PBXFileReference; lastKnownFileType = sourcecode.swift; path = AppDelegate.swift; sourceTree = "<group>"; };
		2C2650472760A03A00FF3C97 /* ViewController.swift */ = {isa = PBXFileReference; lastKnownFileType = sourcecode.swift; path = ViewController.swift; sourceTree = "<group>"; };
		2C26504A2760A03A00FF3C97 /* Base */ = {isa = PBXFileReference; lastKnownFileType = file.storyboard; name = Base; path = Base.lproj/Main.storyboard; sourceTree = "<group>"; };
		2C26504C2760A03D00FF3C97 /* Assets.xcassets */ = {isa = PBXFileReference; lastKnownFileType = folder.assetcatalog; path = Assets.xcassets; sourceTree = "<group>"; };
		2C26504F2760A03D00FF3C97 /* Base */ = {isa = PBXFileReference; lastKnownFileType = file.storyboard; name = Base; path = Base.lproj/LaunchScreen.storyboard; sourceTree = "<group>"; };
		2C2650512760A03D00FF3C97 /* Info.plist */ = {isa = PBXFileReference; lastKnownFileType = text.plist.xml; path = Info.plist; sourceTree = "<group>"; };
/* End PBXFileReference section */

/* Begin PBXFrameworksBuildPhase section */
		2C26503D2760A03A00FF3C97 /* Frameworks */ = {
			isa = PBXFrameworksBuildPhase;
			buildActionMask = 2147483647;
			files = (
			);
			runOnlyForDeploymentPostprocessing = 0;
		};
/* End PBXFrameworksBuildPhase section */

/* Begin PBXGroup section */
		2C2650372760A03A00FF3C97 = {
			isa = PBXGroup;
			children = (
				2C2650422760A03A00FF3C97 /* ViewModels-UIKit-iOS */,
				2C2650412760A03A00FF3C97 /* Products */,
			);
			sourceTree = "<group>";
		};
		2C2650412760A03A00FF3C97 /* Products */ = {
			isa = PBXGroup;
			children = (
				2C2650402760A03A00FF3C97 /* ViewModels-UIKit-iOS.app */,
			);
			name = Products;
			sourceTree = "<group>";
		};
		2C2650422760A03A00FF3C97 /* ViewModels-UIKit-iOS */ = {
			isa = PBXGroup;
			children = (
				2C2650572760A0DD00FF3C97 /* App */,
				2C2650582760A0E600FF3C97 /* Features */,
				2C26505A2760A0F900FF3C97 /* Services */,
				2C2650592760A0EE00FF3C97 /* Utilities */,
				2C26505B2760A10400FF3C97 /* Resources */,
			);
			path = "ViewModels-UIKit-iOS";
			sourceTree = "<group>";
		};
		2C2650572760A0DD00FF3C97 /* App */ = {
			isa = PBXGroup;
			children = (
				2C2650512760A03D00FF3C97 /* Info.plist */,
				2C2650432760A03A00FF3C97 /* AppDelegate.swift */,
			);
			path = App;
			sourceTree = "<group>";
		};
		2C2650582760A0E600FF3C97 /* Features */ = {
			isa = PBXGroup;
			children = (
				2C26505C2760A18300FF3C97 /* Launch */,
				2C26505D2760A19200FF3C97 /* Main */,
			);
			path = Features;
			sourceTree = "<group>";
		};
		2C2650592760A0EE00FF3C97 /* Utilities */ = {
			isa = PBXGroup;
			children = (
			);
			path = Utilities;
			sourceTree = "<group>";
		};
		2C26505A2760A0F900FF3C97 /* Services */ = {
			isa = PBXGroup;
			children = (
			);
			path = Services;
			sourceTree = "<group>";
		};
		2C26505B2760A10400FF3C97 /* Resources */ = {
			isa = PBXGroup;
			children = (
				2C26504C2760A03D00FF3C97 /* Assets.xcassets */,
			);
			path = Resources;
			sourceTree = "<group>";
		};
		2C26505C2760A18300FF3C97 /* Launch */ = {
			isa = PBXGroup;
			children = (
				2C26504E2760A03D00FF3C97 /* LaunchScreen.storyboard */,
			);
			path = Launch;
			sourceTree = "<group>";
		};
		2C26505D2760A19200FF3C97 /* Main */ = {
			isa = PBXGroup;
			children = (
				2C2650492760A03A00FF3C97 /* Main.storyboard */,
				2C2650472760A03A00FF3C97 /* ViewController.swift */,
			);
			path = Main;
			sourceTree = "<group>";
		};
/* End PBXGroup section */

/* Begin PBXNativeTarget section */
		2C26503F2760A03A00FF3C97 /* ViewModels-UIKit-iOS */ = {
			isa = PBXNativeTarget;
			buildConfigurationList = 2C2650542760A03D00FF3C97 /* Build configuration list for PBXNativeTarget "ViewModels-UIKit-iOS" */;
			buildPhases = (
				2C26503C2760A03A00FF3C97 /* Sources */,
				2C26503D2760A03A00FF3C97 /* Frameworks */,
				2C26503E2760A03A00FF3C97 /* Resources */,
			);
			buildRules = (
			);
			dependencies = (
			);
			name = "ViewModels-UIKit-iOS";
			productName = "ViewModels-UIKit-iOS";
			productReference = 2C2650402760A03A00FF3C97 /* ViewModels-UIKit-iOS.app */;
			productType = "com.apple.product-type.application";
		};
/* End PBXNativeTarget section */

/* Begin PBXProject section */
		2C2650382760A03A00FF3C97 /* Project object */ = {
			isa = PBXProject;
			attributes = {
				BuildIndependentTargetsInParallel = 1;
				LastSwiftUpdateCheck = 1310;
				LastUpgradeCheck = 1310;
				TargetAttributes = {
					2C26503F2760A03A00FF3C97 = {
						CreatedOnToolsVersion = 13.1;
					};
				};
			};
			buildConfigurationList = 2C26503B2760A03A00FF3C97 /* Build configuration list for PBXProject "ViewModels-UIKit-iOS" */;
			compatibilityVersion = "Xcode 13.0";
			developmentRegion = en;
			hasScannedForEncodings = 0;
			knownRegions = (
				en,
				Base,
			);
			mainGroup = 2C2650372760A03A00FF3C97;
			productRefGroup = 2C2650412760A03A00FF3C97 /* Products */;
			projectDirPath = "";
			projectRoot = "";
			targets = (
				2C26503F2760A03A00FF3C97 /* ViewModels-UIKit-iOS */,
			);
		};
/* End PBXProject section */

/* Begin PBXResourcesBuildPhase section */
		2C26503E2760A03A00FF3C97 /* Resources */ = {
			isa = PBXResourcesBuildPhase;
			buildActionMask = 2147483647;
			files = (
				2C2650502760A03D00FF3C97 /* LaunchScreen.storyboard in Resources */,
				2C26504D2760A03D00FF3C97 /* Assets.xcassets in Resources */,
				2C26504B2760A03A00FF3C97 /* Main.storyboard in Resources */,
			);
			runOnlyForDeploymentPostprocessing = 0;
		};
/* End PBXResourcesBuildPhase section */

/* Begin PBXSourcesBuildPhase section */
		2C26503C2760A03A00FF3C97 /* Sources */ = {
			isa = PBXSourcesBuildPhase;
			buildActionMask = 2147483647;
			files = (
				2C2650482760A03A00FF3C97 /* ViewController.swift in Sources */,
				2C2650442760A03A00FF3C97 /* AppDelegate.swift in Sources */,
			);
			runOnlyForDeploymentPostprocessing = 0;
		};
/* End PBXSourcesBuildPhase section */

/* Begin PBXVariantGroup section */
		2C2650492760A03A00FF3C97 /* Main.storyboard */ = {
			isa = PBXVariantGroup;
			children = (
				2C26504A2760A03A00FF3C97 /* Base */,
			);
			name = Main.storyboard;
			sourceTree = "<group>";
		};
		2C26504E2760A03D00FF3C97 /* LaunchScreen.storyboard */ = {
			isa = PBXVariantGroup;
			children = (
				2C26504F2760A03D00FF3C97 /* Base */,
			);
			name = LaunchScreen.storyboard;
			sourceTree = "<group>";
		};
/* End PBXVariantGroup section */

/* Begin XCBuildConfiguration section */
		2C2650522760A03D00FF3C97 /* Debug */ = {
			isa = XCBuildConfiguration;
			buildSettings = {
				ALWAYS_SEARCH_USER_PATHS = NO;
				CLANG_ANALYZER_NONNULL = YES;
				CLANG_ANALYZER_NUMBER_OBJECT_CONVERSION = YES_AGGRESSIVE;
				CLANG_CXX_LANGUAGE_STANDARD = "gnu++17";
				CLANG_CXX_LIBRARY = "libc++";
				CLANG_ENABLE_MODULES = YES;
				CLANG_ENABLE_OBJC_ARC = YES;
				CLANG_ENABLE_OBJC_WEAK = YES;
				CLANG_WARN_BLOCK_CAPTURE_AUTORELEASING = YES;
				CLANG_WARN_BOOL_CONVERSION = YES;
				CLANG_WARN_COMMA = YES;
				CLANG_WARN_CONSTANT_CONVERSION = YES;
				CLANG_WARN_DEPRECATED_OBJC_IMPLEMENTATIONS = YES;
				CLANG_WARN_DIRECT_OBJC_ISA_USAGE = YES_ERROR;
				CLANG_WARN_DOCUMENTATION_COMMENTS = YES;
				CLANG_WARN_EMPTY_BODY = YES;
				CLANG_WARN_ENUM_CONVERSION = YES;
				CLANG_WARN_INFINITE_RECURSION = YES;
				CLANG_WARN_INT_CONVERSION = YES;
				CLANG_WARN_NON_LITERAL_NULL_CONVERSION = YES;
				CLANG_WARN_OBJC_IMPLICIT_RETAIN_SELF = YES;
				CLANG_WARN_OBJC_LITERAL_CONVERSION = YES;
				CLANG_WARN_OBJC_ROOT_CLASS = YES_ERROR;
				CLANG_WARN_QUOTED_INCLUDE_IN_FRAMEWORK_HEADER = YES;
				CLANG_WARN_RANGE_LOOP_ANALYSIS = YES;
				CLANG_WARN_STRICT_PROTOTYPES = YES;
				CLANG_WARN_SUSPICIOUS_MOVE = YES;
				CLANG_WARN_UNGUARDED_AVAILABILITY = YES_AGGRESSIVE;
				CLANG_WARN_UNREACHABLE_CODE = YES;
				CLANG_WARN__DUPLICATE_METHOD_MATCH = YES;
				COPY_PHASE_STRIP = NO;
				DEBUG_INFORMATION_FORMAT = dwarf;
				ENABLE_STRICT_OBJC_MSGSEND = YES;
				ENABLE_TESTABILITY = YES;
				GCC_C_LANGUAGE_STANDARD = gnu11;
				GCC_DYNAMIC_NO_PIC = NO;
				GCC_NO_COMMON_BLOCKS = YES;
				GCC_OPTIMIZATION_LEVEL = 0;
				GCC_PREPROCESSOR_DEFINITIONS = (
					"DEBUG=1",
					"$(inherited)",
				);
				GCC_WARN_64_TO_32_BIT_CONVERSION = YES;
				GCC_WARN_ABOUT_RETURN_TYPE = YES_ERROR;
				GCC_WARN_UNDECLARED_SELECTOR = YES;
				GCC_WARN_UNINITIALIZED_AUTOS = YES_AGGRESSIVE;
				GCC_WARN_UNUSED_FUNCTION = YES;
				GCC_WARN_UNUSED_VARIABLE = YES;
				IPHONEOS_DEPLOYMENT_TARGET = 15.0;
				MTL_ENABLE_DEBUG_INFO = INCLUDE_SOURCE;
				MTL_FAST_MATH = YES;
				ONLY_ACTIVE_ARCH = YES;
				SDKROOT = iphoneos;
				SWIFT_ACTIVE_COMPILATION_CONDITIONS = DEBUG;
				SWIFT_OPTIMIZATION_LEVEL = "-Onone";
			};
			name = Debug;
		};
		2C2650532760A03D00FF3C97 /* Release */ = {
			isa = XCBuildConfiguration;
			buildSettings = {
				ALWAYS_SEARCH_USER_PATHS = NO;
				CLANG_ANALYZER_NONNULL = YES;
				CLANG_ANALYZER_NUMBER_OBJECT_CONVERSION = YES_AGGRESSIVE;
				CLANG_CXX_LANGUAGE_STANDARD = "gnu++17";
				CLANG_CXX_LIBRARY = "libc++";
				CLANG_ENABLE_MODULES = YES;
				CLANG_ENABLE_OBJC_ARC = YES;
				CLANG_ENABLE_OBJC_WEAK = YES;
				CLANG_WARN_BLOCK_CAPTURE_AUTORELEASING = YES;
				CLANG_WARN_BOOL_CONVERSION = YES;
				CLANG_WARN_COMMA = YES;
				CLANG_WARN_CONSTANT_CONVERSION = YES;
				CLANG_WARN_DEPRECATED_OBJC_IMPLEMENTATIONS = YES;
				CLANG_WARN_DIRECT_OBJC_ISA_USAGE = YES_ERROR;
				CLANG_WARN_DOCUMENTATION_COMMENTS = YES;
				CLANG_WARN_EMPTY_BODY = YES;
				CLANG_WARN_ENUM_CONVERSION = YES;
				CLANG_WARN_INFINITE_RECURSION = YES;
				CLANG_WARN_INT_CONVERSION = YES;
				CLANG_WARN_NON_LITERAL_NULL_CONVERSION = YES;
				CLANG_WARN_OBJC_IMPLICIT_RETAIN_SELF = YES;
				CLANG_WARN_OBJC_LITERAL_CONVERSION = YES;
				CLANG_WARN_OBJC_ROOT_CLASS = YES_ERROR;
				CLANG_WARN_QUOTED_INCLUDE_IN_FRAMEWORK_HEADER = YES;
				CLANG_WARN_RANGE_LOOP_ANALYSIS = YES;
				CLANG_WARN_STRICT_PROTOTYPES = YES;
				CLANG_WARN_SUSPICIOUS_MOVE = YES;
				CLANG_WARN_UNGUARDED_AVAILABILITY = YES_AGGRESSIVE;
				CLANG_WARN_UNREACHABLE_CODE = YES;
				CLANG_WARN__DUPLICATE_METHOD_MATCH = YES;
				COPY_PHASE_STRIP = NO;
				DEBUG_INFORMATION_FORMAT = "dwarf-with-dsym";
				ENABLE_NS_ASSERTIONS = NO;
				ENABLE_STRICT_OBJC_MSGSEND = YES;
				GCC_C_LANGUAGE_STANDARD = gnu11;
				GCC_NO_COMMON_BLOCKS = YES;
				GCC_WARN_64_TO_32_BIT_CONVERSION = YES;
				GCC_WARN_ABOUT_RETURN_TYPE = YES_ERROR;
				GCC_WARN_UNDECLARED_SELECTOR = YES;
				GCC_WARN_UNINITIALIZED_AUTOS = YES_AGGRESSIVE;
				GCC_WARN_UNUSED_FUNCTION = YES;
				GCC_WARN_UNUSED_VARIABLE = YES;
				IPHONEOS_DEPLOYMENT_TARGET = 15.0;
				MTL_ENABLE_DEBUG_INFO = NO;
				MTL_FAST_MATH = YES;
				SDKROOT = iphoneos;
				SWIFT_COMPILATION_MODE = wholemodule;
				SWIFT_OPTIMIZATION_LEVEL = "-O";
				VALIDATE_PRODUCT = YES;
			};
			name = Release;
		};
		2C2650552760A03D00FF3C97 /* Debug */ = {
			isa = XCBuildConfiguration;
			buildSettings = {
				ASSETCATALOG_COMPILER_APPICON_NAME = AppIcon;
				ASSETCATALOG_COMPILER_GLOBAL_ACCENT_COLOR_NAME = AccentColor;
				CODE_SIGN_STYLE = Automatic;
				CURRENT_PROJECT_VERSION = 1;
				DEVELOPMENT_TEAM = 2DP7F344NX;
				GENERATE_INFOPLIST_FILE = YES;
				INFOPLIST_FILE = "ViewModels-UIKit-iOS/App/Info.plist";
				INFOPLIST_KEY_UIApplicationSupportsIndirectInputEvents = YES;
				INFOPLIST_KEY_UILaunchStoryboardName = LaunchScreen;
				INFOPLIST_KEY_UISupportedInterfaceOrientations_iPad = "UIInterfaceOrientationPortrait UIInterfaceOrientationPortraitUpsideDown UIInterfaceOrientationLandscapeLeft UIInterfaceOrientationLandscapeRight";
				INFOPLIST_KEY_UISupportedInterfaceOrientations_iPhone = "UIInterfaceOrientationPortrait UIInterfaceOrientationLandscapeLeft UIInterfaceOrientationLandscapeRight";
				LD_RUNPATH_SEARCH_PATHS = (
					"$(inherited)",
					"@executable_path/Frameworks",
				);
				MARKETING_VERSION = 1.0;
				PRODUCT_BUNDLE_IDENTIFIER = "no.aboveapps.ViewModels-UIKit-iOS";
				PRODUCT_NAME = "$(TARGET_NAME)";
				SWIFT_EMIT_LOC_STRINGS = YES;
				SWIFT_VERSION = 5.0;
				TARGETED_DEVICE_FAMILY = 1;
			};
			name = Debug;
		};
		2C2650562760A03D00FF3C97 /* Release */ = {
			isa = XCBuildConfiguration;
			buildSettings = {
				ASSETCATALOG_COMPILER_APPICON_NAME = AppIcon;
				ASSETCATALOG_COMPILER_GLOBAL_ACCENT_COLOR_NAME = AccentColor;
				CODE_SIGN_STYLE = Automatic;
				CURRENT_PROJECT_VERSION = 1;
				DEVELOPMENT_TEAM = 2DP7F344NX;
				GENERATE_INFOPLIST_FILE = YES;
				INFOPLIST_FILE = "ViewModels-UIKit-iOS/App/Info.plist";
				INFOPLIST_KEY_UIApplicationSupportsIndirectInputEvents = YES;
				INFOPLIST_KEY_UILaunchStoryboardName = LaunchScreen;
				INFOPLIST_KEY_UISupportedInterfaceOrientations_iPad = "UIInterfaceOrientationPortrait UIInterfaceOrientationPortraitUpsideDown UIInterfaceOrientationLandscapeLeft UIInterfaceOrientationLandscapeRight";
				INFOPLIST_KEY_UISupportedInterfaceOrientations_iPhone = "UIInterfaceOrientationPortrait UIInterfaceOrientationLandscapeLeft UIInterfaceOrientationLandscapeRight";
				LD_RUNPATH_SEARCH_PATHS = (
					"$(inherited)",
					"@executable_path/Frameworks",
				);
				MARKETING_VERSION = 1.0;
				PRODUCT_BUNDLE_IDENTIFIER = "no.aboveapps.ViewModels-UIKit-iOS";
				PRODUCT_NAME = "$(TARGET_NAME)";
				SWIFT_EMIT_LOC_STRINGS = YES;
				SWIFT_VERSION = 5.0;
				TARGETED_DEVICE_FAMILY = 1;
			};
			name = Release;
		};
/* End XCBuildConfiguration section */

/* Begin XCConfigurationList section */
		2C26503B2760A03A00FF3C97 /* Build configuration list for PBXProject "ViewModels-UIKit-iOS" */ = {
			isa = XCConfigurationList;
			buildConfigurations = (
				2C2650522760A03D00FF3C97 /* Debug */,
				2C2650532760A03D00FF3C97 /* Release */,
			);
			defaultConfigurationIsVisible = 0;
			defaultConfigurationName = Release;
		};
		2C2650542760A03D00FF3C97 /* Build configuration list for PBXNativeTarget "ViewModels-UIKit-iOS" */ = {
			isa = XCConfigurationList;
			buildConfigurations = (
				2C2650552760A03D00FF3C97 /* Debug */,
				2C2650562760A03D00FF3C97 /* Release */,
			);
			defaultConfigurationIsVisible = 0;
			defaultConfigurationName = Release;
		};
/* End XCConfigurationList section */
	};
	rootObject = 2C2650382760A03A00FF3C97 /* Project object */;
}
